{
  "name": "01",
  "version": "1.0.0",
  "lockfileVersion": 3,
  "requires": true,
  "packages": {
    "": {
      "name": "01",
      "version": "1.0.0",
      "license": "ISC",
      "dependencies": {
        "math.js": "^1.1.46"
      }
    },
    "node_modules/math.js": {
      "version": "1.1.46",
      "resolved": "https://registry.npmjs.org/math.js/-/math.js-1.1.46.tgz",
      "integrity": "sha512-D4DS+oENshM6xI94mhzJFkH1D0jvSHyKjNuLbki2IdGM3RZ74WQDSw8KLIMy/76JFhl7BvY1/KkJc38kOvv/6Q=="
    }
  }
}
